Microsoft Visual Studio Solution File, Format Version 12.00
# Visual Studio 15
VisualStudioVersion = 15.0.26228.12
MinimumVisualStudioVersion = 15.0.26124.0
Project("{2150E333-8FDC-42A3-9474-1A3956D46DE8}") = "Source", "Source", "{F98A48C4-6F52-437E-902E-ADDCC668F306}"
EndProject
Project("{9A19103F-16F7-4668-BE54-9A1E7A4F7556}") = "BuckeyeStore.Core", "Source\BuckeyeStore.Core\BuckeyeStore.Core.csproj", "{170947D6-F6AF-47AE-BCC4-0B5B6BA6B49A}"
EndProject
Project("{2150E333-8FDC-42A3-9474-1A3956D46DE8}") = "Tests", "Tests", "{AEFFC6D9-64E9-4DF1-9786-B8904E470AAB}"
EndProject
Project("{9A19103F-16F7-4668-BE54-9A1E7A4F7556}") = "BuckeyeStore.Core.Tests", "Tests\BuckeyeStore.Core.Tests\BuckeyeStore.Core.Tests.csproj", "{20083421-227E-475F-98C2-CD066A1E0F70}"
EndProject
Project("{9A19103F-16F7-4668-BE54-9A1E7A4F7556}") = "BuckeyeStore.Api", "Source\BuckeyeStore.Api\BuckeyeStore.Api.csproj", "{5C0ABFFD-01A0-4695-B43A-AC198E3D9FAB}"
EndProject
Project("{9A19103F-16F7-4668-BE54-9A1E7A4F7556}") = "BuckeyeStore.Api.Tests", "Tests\BuckeyeStore.Api.Tests\BuckeyeStore.Api.Tests.csproj", "{D7A22D1A-46EE-46B5-BAAD-C61B557950EC}"
EndProject
Global
	GlobalSection(SolutionConfigurationPlatforms) = preSolution
		Debug|Any CPU = Debug|Any CPU
		Debug|x64 = Debug|x64
		Debug|x86 = Debug|x86
		Release|Any CPU = Release|Any CPU
		Release|x64 = Release|x64
		Release|x86 = Release|x86
	EndGlobalSection
	GlobalSection(ProjectConfigurationPlatforms) = postSolution
		{170947D6-F6AF-47AE-BCC4-0B5B6BA6B49A}.Debug|Any CPU.ActiveCfg = Debug|Any CPU
		{170947D6-F6AF-47AE-BCC4-0B5B6BA6B49A}.Debug|Any CPU.Build.0 = Debug|Any CPU
		{170947D6-F6AF-47AE-BCC4-0B5B6BA6B49A}.Debug|x64.ActiveCfg = Debug|Any CPU
		{170947D6-F6AF-47AE-BCC4-0B5B6BA6B49A}.Debug|x64.Build.0 = Debug|Any CPU
		{170947D6-F6AF-47AE-BCC4-0B5B6BA6B49A}.Debug|x86.ActiveCfg = Debug|Any CPU
		{170947D6-F6AF-47AE-BCC4-0B5B6BA6B49A}.Debug|x86.Build.0 = Debug|Any CPU
		{170947D6-F6AF-47AE-BCC4-0B5B6BA6B49A}.Release|Any CPU.ActiveCfg = Release|Any CPU
		{170947D6-F6AF-47AE-BCC4-0B5B6BA6B49A}.Release|Any CPU.Build.0 = Release|Any CPU
		{170947D6-F6AF-47AE-BCC4-0B5B6BA6B49A}.Release|x64.ActiveCfg = Release|Any CPU
		{170947D6-F6AF-47AE-BCC4-0B5B6BA6B49A}.Release|x64.Build.0 = Release|Any CPU
		{170947D6-F6AF-47AE-BCC4-0B5B6BA6B49A}.Release|x86.ActiveCfg = Release|Any CPU
		{170947D6-F6AF-47AE-BCC4-0B5B6BA6B49A}.Release|x86.Build.0 = Release|Any CPU
		{20083421-227E-475F-98C2-CD066A1E0F70}.Debug|Any CPU.ActiveCfg = Debug|Any CPU
		{20083421-227E-475F-98C2-CD066A1E0F70}.Debug|Any CPU.Build.0 = Debug|Any CPU
		{20083421-227E-475F-98C2-CD066A1E0F70}.Debug|x64.ActiveCfg = Debug|Any CPU
		{20083421-227E-475F-98C2-CD066A1E0F70}.Debug|x64.Build.0 = Debug|Any CPU
		{20083421-227E-475F-98C2-CD066A1E0F70}.Debug|x86.ActiveCfg = Debug|Any CPU
		{20083421-227E-475F-98C2-CD066A1E0F70}.Debug|x86.Build.0 = Debug|Any CPU
		{20083421-227E-475F-98C2-CD066A1E0F70}.Release|Any CPU.ActiveCfg = Release|Any CPU
		{20083421-227E-475F-98C2-CD066A1E0F70}.Release|Any CPU.Build.0 = Release|Any CPU
		{20083421-227E-475F-98C2-CD066A1E0F70}.Release|x64.ActiveCfg = Release|Any CPU
		{20083421-227E-475F-98C2-CD066A1E0F70}.Release|x64.Build.0 = Release|Any CPU
		{20083421-227E-475F-98C2-CD066A1E0F70}.Release|x86.ActiveCfg = Release|Any CPU
		{20083421-227E-475F-98C2-CD066A1E0F70}.Release|x86.Build.0 = Release|Any CPU
		{5C0ABFFD-01A0-4695-B43A-AC198E3D9FAB}.Debug|Any CPU.ActiveCfg = Debug|Any CPU
		{5C0ABFFD-01A0-4695-B43A-AC198E3D9FAB}.Debug|Any CPU.Build.0 = Debug|Any CPU
		{5C0ABFFD-01A0-4695-B43A-AC198E3D9FAB}.Debug|x64.ActiveCfg = Debug|Any CPU
		{5C0ABFFD-01A0-4695-B43A-AC198E3D9FAB}.Debug|x64.Build.0 = Debug|Any CPU
		{5C0ABFFD-01A0-4695-B43A-AC198E3D9FAB}.Debug|x86.ActiveCfg = Debug|Any CPU
		{5C0ABFFD-01A0-4695-B43A-AC198E3D9FAB}.Debug|x86.Build.0 = Debug|Any CPU
		{5C0ABFFD-01A0-4695-B43A-AC198E3D9FAB}.Release|Any CPU.ActiveCfg = Release|Any CPU
		{5C0ABFFD-01A0-4695-B43A-AC198E3D9FAB}.Release|Any CPU.Build.0 = Release|Any CPU
		{5C0ABFFD-01A0-4695-B43A-AC198E3D9FAB}.Release|x64.ActiveCfg = Release|Any CPU
		{5C0ABFFD-01A0-4695-B43A-AC198E3D9FAB}.Release|x64.Build.0 = Release|Any CPU
		{5C0ABFFD-01A0-4695-B43A-AC198E3D9FAB}.Release|x86.ActiveCfg = Release|Any CPU
		{5C0ABFFD-01A0-4695-B43A-AC198E3D9FAB}.Release|x86.Build.0 = Release|Any CPU
		{D7A22D1A-46EE-46B5-BAAD-C61B557950EC}.Debug|Any CPU.ActiveCfg = Debug|Any CPU
		{D7A22D1A-46EE-46B5-BAAD-C61B557950EC}.Debug|Any CPU.Build.0 = Debug|Any CPU
		{D7A22D1A-46EE-46B5-BAAD-C61B557950EC}.Debug|x64.ActiveCfg = Debug|Any CPU
		{D7A22D1A-46EE-46B5-BAAD-C61B557950EC}.Debug|x64.Build.0 = Debug|Any CPU
		{D7A22D1A-46EE-46B5-BAAD-C61B557950EC}.Debug|x86.ActiveCfg = Debug|Any CPU
		{D7A22D1A-46EE-46B5-BAAD-C61B557950EC}.Debug|x86.Build.0 = Debug|Any CPU
		{D7A22D1A-46EE-46B5-BAAD-C61B557950EC}.Release|Any CPU.ActiveCfg = Release|Any CPU
		{D7A22D1A-46EE-46B5-BAAD-C61B557950EC}.Release|Any CPU.Build.0 = Release|Any CPU
		{D7A22D1A-46EE-46B5-BAAD-C61B557950EC}.Release|x64.ActiveCfg = Release|Any CPU
		{D7A22D1A-46EE-46B5-BAAD-C61B557950EC}.Release|x64.Build.0 = Release|Any CPU
		{D7A22D1A-46EE-46B5-BAAD-C61B557950EC}.Release|x86.ActiveCfg = Release|Any CPU
		{D7A22D1A-46EE-46B5-BAAD-C61B557950EC}.Release|x86.Build.0 = Release|Any CPU
	EndGlobalSection
	GlobalSection(SolutionProperties) = preSolution
		HideSolutionNode = FALSE
	EndGlobalSection
	GlobalSection(NestedProjects) = preSolution
		{170947D6-F6AF-47AE-BCC4-0B5B6BA6B49A} = {F98A48C4-6F52-437E-902E-ADDCC668F306}
		{20083421-227E-475F-98C2-CD066A1E0F70} = {AEFFC6D9-64E9-4DF1-9786-B8904E470AAB}
		{5C0ABFFD-01A0-4695-B43A-AC198E3D9FAB} = {F98A48C4-6F52-437E-902E-ADDCC668F306}
		{D7A22D1A-46EE-46B5-BAAD-C61B557950EC} = {AEFFC6D9-64E9-4DF1-9786-B8904E470AAB}
	EndGlobalSection
EndGlobal